
Microsoft Visual Studio Solution File, Format Version 12.00
# Visual Studio 15
VisualStudioVersion = 15.0.28307.902
MinimumVisualStudioVersion = 10.0.40219.1
Project("{FAE04EC0-301F-11D3-BF4B-00C04F79EFBC}") = "MVC5Application", "MVC5Application\MVC5Application.csproj", "{65352EAE-5FD4-4110-B55F-952C9184D52C}"
EndProject
Project("{FAE04EC0-301F-11D3-BF4B-00C04F79EFBC}") = "MVC5Application.Tests", "MVC5Application.Tests\MVC5Application.Tests.csproj", "{F883B4B0-CCFF-414C-A810-04B1DB34B509}"
EndProject
Global
	GlobalSection(SolutionConfigurationPlatforms) = preSolution
		Debug|Any CPU = Debug|Any CPU
		Release|Any CPU = Release|Any CPU
	EndGlobalSection
	GlobalSection(ProjectConfigurationPlatforms) = postSolution
		{65352EAE-5FD4-4110-B55F-952C9184D52C}.Debug|Any CPU.ActiveCfg = Debug|Any CPU
		{65352EAE-5FD4-4110-B55F-952C9184D52C}.Debug|Any CPU.Build.0 = Debug|Any CPU
		{65352EAE-5FD4-4110-B55F-952C9184D52C}.Release|Any CPU.ActiveCfg = Release|Any CPU
		{65352EAE-5FD4-4110-B55F-952C9184D52C}.Release|Any CPU.Build.0 = Release|Any CPU
		{F883B4B0-CCFF-414C-A810-04B1DB34B509}.Debug|Any CPU.ActiveCfg = Debug|Any CPU
		{F883B4B0-CCFF-414C-A810-04B1DB34B509}.Debug|Any CPU.Build.0 = Debug|Any CPU
		{F883B4B0-CCFF-414C-A810-04B1DB34B509}.Release|Any CPU.ActiveCfg = Release|Any CPU
		{F883B4B0-CCFF-414C-A810-04B1DB34B509}.Release|Any CPU.Build.0 = Release|Any CPU
	EndGlobalSection
	GlobalSection(SolutionProperties) = preSolution
		HideSolutionNode = FALSE
	EndGlobalSection
	GlobalSection(ExtensibilityGlobals) = postSolution
		SolutionGuid = {44855225-8636-49C3-B5CD-B20B7BB36D81}
	EndGlobalSection
EndGlobal
